
Microsoft Visual Studio Solution File, Format Version 12.00
Project("{FAE04EC0-301F-11D3-BF4B-00C04F79EFBC}") = "RCorpFoodPricer", "RCorpFoodPricer\RCorpFoodPricer.csproj", "{8CCDE1FE-912F-4177-B908-C46730A73D50}"
EndProject
Project("{FAE04EC0-301F-11D3-BF4B-00C04F79EFBC}") = "RCorpFoodPricerTest", "RCorpFoodPricerTest\RCorpFoodPricerTest.csproj", "{6E74E86A-533E-4894-8B44-CC7B9C9FFE44}"
EndProject
Global
	GlobalSection(SolutionConfigurationPlatforms) = preSolution
		Debug|Any CPU = Debug|Any CPU
		Release|Any CPU = Release|Any CPU
	EndGlobalSection
	GlobalSection(ProjectConfigurationPlatforms) = postSolution
		{8CCDE1FE-912F-4177-B908-C46730A73D50}.Debug|Any CPU.ActiveCfg = Debug|Any CPU
		{8CCDE1FE-912F-4177-B908-C46730A73D50}.Debug|Any CPU.Build.0 = Debug|Any CPU
		{8CCDE1FE-912F-4177-B908-C46730A73D50}.Release|Any CPU.ActiveCfg = Release|Any CPU
		{8CCDE1FE-912F-4177-B908-C46730A73D50}.Release|Any CPU.Build.0 = Release|Any CPU
		{6E74E86A-533E-4894-8B44-CC7B9C9FFE44}.Debug|Any CPU.ActiveCfg = Debug|Any CPU
		{6E74E86A-533E-4894-8B44-CC7B9C9FFE44}.Debug|Any CPU.Build.0 = Debug|Any CPU
		{6E74E86A-533E-4894-8B44-CC7B9C9FFE44}.Release|Any CPU.ActiveCfg = Release|Any CPU
		{6E74E86A-533E-4894-8B44-CC7B9C9FFE44}.Release|Any CPU.Build.0 = Release|Any CPU
	EndGlobalSection
EndGlobal
